<?xml version="1.0" encoding="utf-8"?>
<Project ToolsVersion="4.0" xmlns="http://schemas.microsoft.com/developer/msbuild/2003">
  <ItemGroup>
    <Filter Include="Source Files">
      <UniqueIdentifier>{4FC737F1-C7A5-4376-A066-2A32D752A2FF}</UniqueIdentifier>
      <Extensions>cpp;c;cc;cxx;def;odl;idl;hpj;bat;asm;asmx</Extensions>
    </Filter>
    <Filter Include="Header Files">
      <UniqueIdentifier>{93995380-89BD-4b04-88EB-625FBE52EBFB}</UniqueIdentifier>
      <Extensions>h;hh;hpp;hxx;hm;inl;inc;ipp;xsd</Extensions>
    </Filter>
    <Filter Include="Resource Files">
      <UniqueIdentifier>{67DA6AB6-F800-4c08-8B7A-83BB121AAD01}</UniqueIdentifier>
      <Extensions>rc;ico;cur;bmp;dlg;rc2;rct;bin;rgs;gif;jpg;jpeg;jpe;resx;tiff;tif;png;wav;mfcribbon-ms</Extensions>
    </Filter>
    <Filter Include="Header Files\Others">
      <UniqueIdentifier>{bf16d63e-5a5c-4fad-a782-7e1002ac0fda}</UniqueIdentifier>
    </Filter>
    <Filter Include="Header Files\Main">
      <UniqueIdentifier>{b7d2b034-f2fc-40b4-8870-ce1361f6c8e4}</UniqueIdentifier>
    </Filter>
    <Filter Include="Source Files\Main">
      <UniqueIdentifier>{15bbcf2d-2660-439e-bf73-50da5dfe39d6}</UniqueIdentifier>
    </Filter>
    <Filter Include="Source Files\Others">
      <UniqueIdentifier>{b046823e-5dab-4c66-886d-bb3dc6f725b3}</UniqueIdentifier>
    </Filter>
    <Filter Include="Header Files\Base">
      <UniqueIdentifier>{ae4e2908-5b08-42b7-af9b-95414ebcac74}</UniqueIdentifier>
    </Filter>
    <Filter Include="Source Files\Base">
      <UniqueIdentifier>{47f00253-2493-464c-8d96-4e5e40c5db5d}</UniqueIdentifier>
    </Filter>
    <Filter Include="Header Files\Board">
      <UniqueIdentifier>{c040b947-c4f6-4547-a149-0df1968c6f4b}</UniqueIdentifier>
    </Filter>
    <Filter Include="Header Files\Debug">
      <UniqueIdentifier>{e98bc510-e311-4b8d-990e-4edb39b47056}</UniqueIdentifier>
    </Filter>
    <Filter Include="Source Files\Debug">
      <UniqueIdentifier>{1d8bc693-f490-4283-9bb3-1112eb7cc4ca}</UniqueIdentifier>
    </Filter>
    <Filter Include="Source Files\Board">
      <UniqueIdentifier>{a110ec09-836d-4d06-8ad6-da7918191ce9}</UniqueIdentifier>
    </Filter>
    <Filter Include="Header Files\Board\Objects">
      <UniqueIdentifier>{9f1b18f6-7fb8-46fe-b947-d89c3ab71c19}</UniqueIdentifier>
    </Filter>
    <Filter Include="Source Files\Board\Objects">
      <UniqueIdentifier>{a724862f-0c1c-468a-81b3-6f9a6fc864fc}</UniqueIdentifier>
    </Filter>
    <Filter Include="Header Files\Board\Manager">
      <UniqueIdentifier>{9ccb6203-9733-4ea0-bb0d-c55470be7e86}</UniqueIdentifier>
    </Filter>
    <Filter Include="Source Files\Board\Manager">
      <UniqueIdentifier>{b4c04745-3556-4aa3-bc0b-ae395cc528ab}</UniqueIdentifier>
    </Filter>
    <Filter Include="Header Files\Widget">
      <UniqueIdentifier>{dcbc88d2-796e-4439-b88f-bef30064d804}</UniqueIdentifier>
    </Filter>
    <Filter Include="Source Files\Widget">
      <UniqueIdentifier>{e9ef3125-b657-4b04-9894-bee240355c7a}</UniqueIdentifier>
    </Filter>
  </ItemGroup>
  <ItemGroup>
    <ClInclude Include="Resource.h">
      <Filter>Header Files\Others</Filter>
    </ClInclude>
    <ClInclude Include="CatVilla.h">
      <Filter>Header Files\Main</Filter>
    </ClInclude>
    <ClInclude Include="targetver.h">
      <Filter>Header Files\Others</Filter>
    </ClInclude>
    <ClInclude Include="BaseType.h">
      <Filter>Header Files\Base</Filter>
    </ClInclude>
    <ClInclude Include="SafeRelease.h">
      <Filter>Header Files\Base</Filter>
    </ClInclude>
    <ClInclude Include="OutputMsg.h">
      <Filter>Header Files\Debug</Filter>
    </ClInclude>
    <ClInclude Include="Audio.h">
      <Filter>Header Files\Base</Filter>
    </ClInclude>
    <ClInclude Include="Text.h">
      <Filter>Header Files\Base</Filter>
    </ClInclude>
    <ClInclude Include="MainApp.h">
      <Filter>Header Files\Main</Filter>
    </ClInclude>
    <ClInclude Include="Bar.h">
      <Filter>Header Files\Board\Objects</Filter>
    </ClInclude>
    <ClInclude Include="Character.h">
      <Filter>Header Files\Board\Objects</Filter>
    </ClInclude>
    <ClInclude Include="Cursor.h">
      <Filter>Header Files\Board\Objects</Filter>
    </ClInclude>
    <ClInclude Include="Tile.h">
      <Filter>Header Files\Board\Objects</Filter>
    </ClInclude>
    <ClInclude Include="Effact.h">
      <Filter>Header Files\Board\Objects</Filter>
    </ClInclude>
    <ClInclude Include="BoardObject.h">
      <Filter>Header Files\Board\Objects</Filter>
    </ClInclude>
    <ClInclude Include="BoardManager.h">
      <Filter>Header Files\Board\Manager</Filter>
    </ClInclude>
    <ClInclude Include="stdafx.h">
      <Filter>Header Files\Main</Filter>
    </ClInclude>
    <ClInclude Include="TBoardManager.h">
      <Filter>Header Files\Board\Manager</Filter>
    </ClInclude>
    <ClInclude Include="Dialog.h">
      <Filter>Header Files\Widget</Filter>
    </ClInclude>
    <ClInclude Include="Img.h">
      <Filter>Header Files\Base</Filter>
    </ClInclude>
  </ItemGroup>
  <ItemGroup>
    <ClCompile Include="CatVilla.cpp">
      <Filter>Source Files\Main</Filter>
    </ClCompile>
    <ClCompile Include="BaseType.cpp">
      <Filter>Source Files\Base</Filter>
    </ClCompile>
    <ClCompile Include="OutputMsg.cpp">
      <Filter>Source Files\Debug</Filter>
    </ClCompile>
    <ClCompile Include="Audio.cpp">
      <Filter>Source Files\Base</Filter>
    </ClCompile>
    <ClCompile Include="Text.cpp">
      <Filter>Source Files\Base</Filter>
    </ClCompile>
    <ClCompile Include="MainApp.cpp">
      <Filter>Source Files\Main</Filter>
    </ClCompile>
    <ClCompile Include="Bar.cpp">
      <Filter>Source Files\Board\Objects</Filter>
    </ClCompile>
    <ClCompile Include="Character.cpp">
      <Filter>Source Files\Board\Objects</Filter>
    </ClCompile>
    <ClCompile Include="Cursor.cpp">
      <Filter>Source Files\Board\Objects</Filter>
    </ClCompile>
    <ClCompile Include="Effact.cpp">
      <Filter>Source Files\Board\Objects</Filter>
    </ClCompile>
    <ClCompile Include="Tile.cpp">
      <Filter>Source Files\Board\Objects</Filter>
    </ClCompile>
    <ClCompile Include="BoardObject.cpp">
      <Filter>Source Files\Board\Objects</Filter>
    </ClCompile>
    <ClCompile Include="BoardManager.cpp">
      <Filter>Source Files\Board\Manager</Filter>
    </ClCompile>
    <ClCompile Include="stdafx.cpp">
      <Filter>Source Files\Main</Filter>
    </ClCompile>
    <ClCompile Include="Dialog.cpp">
      <Filter>Source Files\Widget</Filter>
    </ClCompile>
    <ClCompile Include="Img.cpp">
      <Filter>Source Files\Base</Filter>
    </ClCompile>
  </ItemGroup>
  <ItemGroup>
    <ResourceCompile Include="CatVilla.rc">
      <Filter>Resource Files</Filter>
    </ResourceCompile>
  </ItemGroup>
  <ItemGroup>
    <Image Include="small.ico">
      <Filter>Resource Files</Filter>
    </Image>
    <Image Include="CatVilla.ico">
      <Filter>Resource Files</Filter>
    </Image>
  </ItemGroup>
</Project>